
Microsoft Visual Studio Solution File, Format Version 12.00
# Visual Studio 2017
Project("{FAE04EC0-301F-11D3-BF4B-00C04F79EFBC}") = "SphereControls", "SphereControls.csproj", "{74421C58-CA04-C9D5-D8ED-BAE33E610E25}"
EndProject
Project("{FAE04EC0-301F-11D3-BF4B-00C04F79EFBC}") = "SphereControls", "SphereControls.csproj", "{74421C58-CA04-C9D5-D8ED-BAE33E610E25}"
EndProject
Project("{FAE04EC0-301F-11D3-BF4B-00C04F79EFBC}") = "SphereControls", "SphereControls.csproj", "{74421C58-CA04-C9D5-D8ED-BAE33E610E25}"
EndProject
Project("{FAE04EC0-301F-11D3-BF4B-00C04F79EFBC}") = "SphereControls", "SphereControls.csproj", "{74421C58-CA04-C9D5-D8ED-BAE33E610E25}"
EndProject
Project("{FAE04EC0-301F-11D3-BF4B-00C04F79EFBC}") = "SphereControls", "SphereControls.csproj", "{74421C58-CA04-C9D5-D8ED-BAE33E610E25}"
EndProject
Project("{FAE04EC0-301F-11D3-BF4B-00C04F79EFBC}") = "SphereControls.Editor", "SphereControls.Editor.csproj", "{519D8950-0143-C2DD-9962-AD0449409A6D}"
EndProject
Project("{FAE04EC0-301F-11D3-BF4B-00C04F79EFBC}") = "SphereControls.Editor", "SphereControls.Editor.csproj", "{519D8950-0143-C2DD-9962-AD0449409A6D}"
EndProject
Project("{FAE04EC0-301F-11D3-BF4B-00C04F79EFBC}") = "SphereControls.Editor", "SphereControls.Editor.csproj", "{519D8950-0143-C2DD-9962-AD0449409A6D}"
EndProject
Project("{FAE04EC0-301F-11D3-BF4B-00C04F79EFBC}") = "SphereControls.Editor", "SphereControls.Editor.csproj", "{519D8950-0143-C2DD-9962-AD0449409A6D}"
EndProject
Project("{FAE04EC0-301F-11D3-BF4B-00C04F79EFBC}") = "SphereControls.Editor", "SphereControls.Editor.csproj", "{519D8950-0143-C2DD-9962-AD0449409A6D}"
EndProject
Project("{FAE04EC0-301F-11D3-BF4B-00C04F79EFBC}") = "SphereControls.Editor", "SphereControls.Editor.csproj", "{519D8950-0143-C2DD-9962-AD0449409A6D}"
EndProject
Project("{FAE04EC0-301F-11D3-BF4B-00C04F79EFBC}") = "SphereControls.Editor", "SphereControls.Editor.csproj", "{519D8950-0143-C2DD-9962-AD0449409A6D}"
EndProject
Global
	GlobalSection(SolutionConfigurationPlatforms) = preSolution
		Debug|Any CPU = Debug|Any CPU
		Release|Any CPU = Release|Any CPU
	EndGlobalSection
	GlobalSection(ProjectConfigurationPlatforms) = postSolution
		{74421C58-CA04-C9D5-D8ED-BAE33E610E25}.Debug|Any CPU.ActiveCfg = Debug|Any CPU
		{74421C58-CA04-C9D5-D8ED-BAE33E610E25}.Debug|Any CPU.Build.0 = Debug|Any CPU
		{74421C58-CA04-C9D5-D8ED-BAE33E610E25}.Release|Any CPU.ActiveCfg = Release|Any CPU
		{74421C58-CA04-C9D5-D8ED-BAE33E610E25}.Release|Any CPU.Build.0 = Release|Any CPU
		{74421C58-CA04-C9D5-D8ED-BAE33E610E25}.Debug|Any CPU.ActiveCfg = Debug|Any CPU
		{74421C58-CA04-C9D5-D8ED-BAE33E610E25}.Debug|Any CPU.Build.0 = Debug|Any CPU
		{74421C58-CA04-C9D5-D8ED-BAE33E610E25}.Release|Any CPU.ActiveCfg = Release|Any CPU
		{74421C58-CA04-C9D5-D8ED-BAE33E610E25}.Release|Any CPU.Build.0 = Release|Any CPU
		{74421C58-CA04-C9D5-D8ED-BAE33E610E25}.Debug|Any CPU.ActiveCfg = Debug|Any CPU
		{74421C58-CA04-C9D5-D8ED-BAE33E610E25}.Debug|Any CPU.Build.0 = Debug|Any CPU
		{74421C58-CA04-C9D5-D8ED-BAE33E610E25}.Release|Any CPU.ActiveCfg = Release|Any CPU
		{74421C58-CA04-C9D5-D8ED-BAE33E610E25}.Release|Any CPU.Build.0 = Release|Any CPU
		{74421C58-CA04-C9D5-D8ED-BAE33E610E25}.Debug|Any CPU.ActiveCfg = Debug|Any CPU
		{74421C58-CA04-C9D5-D8ED-BAE33E610E25}.Debug|Any CPU.Build.0 = Debug|Any CPU
		{74421C58-CA04-C9D5-D8ED-BAE33E610E25}.Release|Any CPU.ActiveCfg = Release|Any CPU
		{74421C58-CA04-C9D5-D8ED-BAE33E610E25}.Release|Any CPU.Build.0 = Release|Any CPU
		{74421C58-CA04-C9D5-D8ED-BAE33E610E25}.Debug|Any CPU.ActiveCfg = Debug|Any CPU
		{74421C58-CA04-C9D5-D8ED-BAE33E610E25}.Debug|Any CPU.Build.0 = Debug|Any CPU
		{74421C58-CA04-C9D5-D8ED-BAE33E610E25}.Release|Any CPU.ActiveCfg = Release|Any CPU
		{74421C58-CA04-C9D5-D8ED-BAE33E610E25}.Release|Any CPU.Build.0 = Release|Any CPU
		{519D8950-0143-C2DD-9962-AD0449409A6D}.Debug|Any CPU.ActiveCfg = Debug|Any CPU
		{519D8950-0143-C2DD-9962-AD0449409A6D}.Debug|Any CPU.Build.0 = Debug|Any CPU
		{519D8950-0143-C2DD-9962-AD0449409A6D}.Release|Any CPU.ActiveCfg = Release|Any CPU
		{519D8950-0143-C2DD-9962-AD0449409A6D}.Release|Any CPU.Build.0 = Release|Any CPU
		{519D8950-0143-C2DD-9962-AD0449409A6D}.Debug|Any CPU.ActiveCfg = Debug|Any CPU
		{519D8950-0143-C2DD-9962-AD0449409A6D}.Debug|Any CPU.Build.0 = Debug|Any CPU
		{519D8950-0143-C2DD-9962-AD0449409A6D}.Release|Any CPU.ActiveCfg = Release|Any CPU
		{519D8950-0143-C2DD-9962-AD0449409A6D}.Release|Any CPU.Build.0 = Release|Any CPU
		{519D8950-0143-C2DD-9962-AD0449409A6D}.Debug|Any CPU.ActiveCfg = Debug|Any CPU
		{519D8950-0143-C2DD-9962-AD0449409A6D}.Debug|Any CPU.Build.0 = Debug|Any CPU
		{519D8950-0143-C2DD-9962-AD0449409A6D}.Release|Any CPU.ActiveCfg = Release|Any CPU
		{519D8950-0143-C2DD-9962-AD0449409A6D}.Release|Any CPU.Build.0 = Release|Any CPU
		{519D8950-0143-C2DD-9962-AD0449409A6D}.Debug|Any CPU.ActiveCfg = Debug|Any CPU
		{519D8950-0143-C2DD-9962-AD0449409A6D}.Debug|Any CPU.Build.0 = Debug|Any CPU
		{519D8950-0143-C2DD-9962-AD0449409A6D}.Release|Any CPU.ActiveCfg = Release|Any CPU
		{519D8950-0143-C2DD-9962-AD0449409A6D}.Release|Any CPU.Build.0 = Release|Any CPU
		{519D8950-0143-C2DD-9962-AD0449409A6D}.Debug|Any CPU.ActiveCfg = Debug|Any CPU
		{519D8950-0143-C2DD-9962-AD0449409A6D}.Debug|Any CPU.Build.0 = Debug|Any CPU
		{519D8950-0143-C2DD-9962-AD0449409A6D}.Release|Any CPU.ActiveCfg = Release|Any CPU
		{519D8950-0143-C2DD-9962-AD0449409A6D}.Release|Any CPU.Build.0 = Release|Any CPU
		{519D8950-0143-C2DD-9962-AD0449409A6D}.Debug|Any CPU.ActiveCfg = Debug|Any CPU
		{519D8950-0143-C2DD-9962-AD0449409A6D}.Debug|Any CPU.Build.0 = Debug|Any CPU
		{519D8950-0143-C2DD-9962-AD0449409A6D}.Release|Any CPU.ActiveCfg = Release|Any CPU
		{519D8950-0143-C2DD-9962-AD0449409A6D}.Release|Any CPU.Build.0 = Release|Any CPU
		{519D8950-0143-C2DD-9962-AD0449409A6D}.Debug|Any CPU.ActiveCfg = Debug|Any CPU
		{519D8950-0143-C2DD-9962-AD0449409A6D}.Debug|Any CPU.Build.0 = Debug|Any CPU
		{519D8950-0143-C2DD-9962-AD0449409A6D}.Release|Any CPU.ActiveCfg = Release|Any CPU
		{519D8950-0143-C2DD-9962-AD0449409A6D}.Release|Any CPU.Build.0 = Release|Any CPU
	EndGlobalSection
	GlobalSection(SolutionProperties) = preSolution
		HideSolutionNode = FALSE
	EndGlobalSection
EndGlobal
